
Microsoft Visual Studio Solution File, Format Version 12.00
# Visual Studio Version 16
VisualStudioVersion = 16.0.30804.86
MinimumVisualStudioVersion = 10.0.40219.1
Project("{9A19103F-16F7-4668-BE54-9A1E7A4F7556}") = "qr_code_generator", "qr_code_generator.csproj", "{8F724CFD-A33D-4820-ABEE-F8C1D459B73B}"
EndProject
Global
	GlobalSection(SolutionConfigurationPlatforms) = preSolution
		Debug|Any CPU = Debug|Any CPU
		Release|Any CPU = Release|Any CPU
	EndGlobalSection
	GlobalSection(ProjectConfigurationPlatforms) = postSolution
		{8F724CFD-A33D-4820-ABEE-F8C1D459B73B}.Debug|Any CPU.ActiveCfg = Debug|Any CPU
		{8F724CFD-A33D-4820-ABEE-F8C1D459B73B}.Debug|Any CPU.Build.0 = Debug|Any CPU
		{8F724CFD-A33D-4820-ABEE-F8C1D459B73B}.Release|Any CPU.ActiveCfg = Release|Any CPU
		{8F724CFD-A33D-4820-ABEE-F8C1D459B73B}.Release|Any CPU.Build.0 = Release|Any CPU
	EndGlobalSection
	GlobalSection(SolutionProperties) = preSolution
		HideSolutionNode = FALSE
	EndGlobalSection
	GlobalSection(ExtensibilityGlobals) = postSolution
		SolutionGuid = {2109C624-C84B-4178-B7A1-E102900B8728}
	EndGlobalSection
EndGlobal
